Microsoft Visual Studio Solution File, Format Version 11.00
# Visual Studio 2008

Project("{83B1BE13-8302-9EEF-38A8-34612DF44E18}") = "Xiaoxiaole", "Assembly-CSharp.csproj", "{695C853B-D2B5-D930-74A1-E3D7011D42A6}"
EndProject
Global
	GlobalSection(SolutionConfigurationPlatforms) = preSolution
		Debug|Any CPU = Debug|Any CPU
		Release|Any CPU = Release|Any CPU
	EndGlobalSection
	GlobalSection(ProjectConfigurationPlatforms) = postSolution
		{695C853B-D2B5-D930-74A1-E3D7011D42A6}.Debug|Any CPU.ActiveCfg = Debug|Any CPU
		{695C853B-D2B5-D930-74A1-E3D7011D42A6}.Debug|Any CPU.Build.0 = Debug|Any CPU
		{695C853B-D2B5-D930-74A1-E3D7011D42A6}.Release|Any CPU.ActiveCfg = Release|Any CPU
		{695C853B-D2B5-D930-74A1-E3D7011D42A6}.Release|Any CPU.Build.0 = Release|Any CPU
	EndGlobalSection
	GlobalSection(SolutionProperties) = preSolution
		HideSolutionNode = FALSE
	EndGlobalSection
	GlobalSection(MonoDevelopProperties) = preSolution
		StartupItem = Assembly-CSharp.csproj
	EndGlobalSection
EndGlobal
